hash: 08bd456d48212d9ebfe6c30d6f0e7b851f44df9411526035fcb5bf75c2d20239
updated: 2017-11-13T14:39:32.50549475-06:00
imports:
- name: github.com/fatih/structs
  version: a720dfa8df582c51dee1b36feabb906bde1588bd
- name: github.com/gorilla/websocket
  version: 7ca4275b84a9d500f68971c8c4a97f0ec18eb889
- name: github.com/hashicorp/consul
  version: 783a405d781ffc5edaf2d6b5eff41e22df96644f
  subpackages:
  - api
  - watch
- name: github.com/hashicorp/go-cleanhttp
  version: 3573b8b52aa7b37b9358d966a898feb387f62437
- name: github.com/hashicorp/go-rootcerts
  version: 6bb64b370b90e7ef1fa532be9e591a81c3493e00
- name: github.com/hashicorp/serf
  version: c20a0b1b1ea9eb8168bcdec0116688fa9254e449
  subpackages:
  - coordinate
- name: github.com/mitchellh/go-homedir
  version: b8bc1bf767474819792c23f32d8286a45736f1c6
- name: github.com/mitchellh/mapstructure
  version: 06020f85339e21b2478f756a78e295255ffa4d6a
- name: github.com/myENA/consultant
  version: 28def437cc3e4fe2614504e20ed07487556f547a
- name: github.com/myENA/go-helpers
  version: 7d17a5f4b05cb1ecfe56203c0458e22d14fb4f45
- name: github.com/myENA/go-stdlogger
  version: 8db9487f39cfca4413eda7948dd5dcc3f1481dda
- name: github.com/pkg/errors
  version: f15c970de5b76fac0b59abb32d62c17cc7bed265
- name: github.com/rancher/go-rancher-metadata
  version: d2103caca5873119ff423d29cba09b4d03cd69b8
  subpackages:
  - metadata
- name: github.com/rancherio/go-rancher
  version: 97368393ed039a6f41721708d132de2d55b6709e
  subpackages:
  - v3
- name: github.com/renstrom/shortuuid
  version: d728e00b727de969356736fabe7c6f405347a26c
- name: github.com/satori/go.uuid
  version: 5bf94b69c6b68ee1b541973bb8e1144db23a194b
- name: github.com/Sirupsen/logrus
  version: 89742aefa4b206dcf400792f3bd35b542998eb3b
- name: golang.org/x/crypto
  version: 6a293f2d4b14b8e6d3f0539e383f6d0d30fce3fd
  subpackages:
  - ssh/terminal
- name: golang.org/x/sys
  version: 665f6529cca930e27b831a0d1dafffbe1c172924
  subpackages:
  - unix
  - windows
testImports: []
