hash: 900bea8a83b1bfb75cd2f99e46b6f34ee3f6d44b6bfdc77c731d51cabc8d0a64
updated: 2017-12-11T15:39:41.507650518-06:00
imports:
- name: github.com/deckarep/golang-set
  version: 1d4478f51bed434f1dadf96dcd9b43aabac66795
- name: github.com/gorilla/websocket
  version: cdedf21e585dae942951e34d6defc3215b4280fa
- name: github.com/hashicorp/consul
  version: 783a405d781ffc5edaf2d6b5eff41e22df96644f
  subpackages:
  - api
  - watch
- name: github.com/hashicorp/go-cleanhttp
  version: 3573b8b52aa7b37b9358d966a898feb387f62437
- name: github.com/hashicorp/go-rootcerts
  version: 6bb64b370b90e7ef1fa532be9e591a81c3493e00
- name: github.com/hashicorp/serf
  version: c20a0b1b1ea9eb8168bcdec0116688fa9254e449
  subpackages:
  - coordinate
- name: github.com/mitchellh/go-homedir
  version: b8bc1bf767474819792c23f32d8286a45736f1c6
- name: github.com/mitchellh/mapstructure
  version: 06020f85339e21b2478f756a78e295255ffa4d6a
- name: github.com/myENA/consultant
  version: 281d7b718ef062520c1ee8aa5adc11deff721ad3
- name: github.com/myENA/go-helpers
  version: 7d17a5f4b05cb1ecfe56203c0458e22d14fb4f45
- name: github.com/myENA/go-stdlogger
  version: 8db9487f39cfca4413eda7948dd5dcc3f1481dda
- name: github.com/pkg/errors
  version: f15c970de5b76fac0b59abb32d62c17cc7bed265
- name: github.com/rancher/go-rancher-metadata
  version: d2103caca5873119ff423d29cba09b4d03cd69b8
  subpackages:
  - metadata
- name: github.com/rancherio/go-rancher
  version: 97368393ed039a6f41721708d132de2d55b6709e
  subpackages:
  - v3
- name: github.com/renstrom/shortuuid
  version: d728e00b727de969356736fabe7c6f405347a26c
- name: github.com/satori/go.uuid
  version: 5bf94b69c6b68ee1b541973bb8e1144db23a194b
- name: github.com/Sirupsen/logrus
  version: c078b1e43f58d563c74cebe63c85789e76ddb627
- name: golang.org/x/sys
  version: 46eaec7899b1dd945c25db17c78ba3f0c58a6613
  subpackages:
  - unix
testImports: []
